// !$*UTF8*$!
{
	archiveVersion = 1;
	classes = {
	};
	objectVersion = 46;
	objects = {

/* Begin PBXBuildFile section */
		2A57C416F428E182D7B0FED7 /* Pods_KFC.framework in Frameworks */ = {isa = PBXBuildFile; fileRef = 7D75EA3A83EE73FEDA917AAD /* Pods_KFC.framework */; };
		4806EEF81C9A9D95003C08A5 /* PopoverViewController.swift in Sources */ = {isa = PBXBuildFile; fileRef = 4806EEF71C9A9D95003C08A5 /* PopoverViewController.swift */; };
		480B75AA1C8EA4A700177712 /* CommonFunction.swift in Sources */ = {isa = PBXBuildFile; fileRef = 480B75A91C8EA4A700177712 /* CommonFunction.swift */; };
		480B75AC1C8EA70E00177712 /* CustomView.swift in Sources */ = {isa = PBXBuildFile; fileRef = 480B75AB1C8EA70E00177712 /* CustomView.swift */; };
		481589AC1C7D47D400C41B0D /* LoginViewController.swift in Sources */ = {isa = PBXBuildFile; fileRef = 481589AB1C7D47D400C41B0D /* LoginViewController.swift */; };
		481589AE1C7D481900C41B0D /* SplashViewController.swift in Sources */ = {isa = PBXBuildFile; fileRef = 481589AD1C7D481900C41B0D /* SplashViewController.swift */; };
		481589B01C7D4F4600C41B0D /* LoginModel.swift in Sources */ = {isa = PBXBuildFile; fileRef = 481589AF1C7D4F4600C41B0D /* LoginModel.swift */; };
		481589B71C7D826000C41B0D /* MainViewController.swift in Sources */ = {isa = PBXBuildFile; fileRef = 481589B61C7D826000C41B0D /* MainViewController.swift */; };
		481589B91C7D8BD900C41B0D /* CoreLocation.framework in Frameworks */ = {isa = PBXBuildFile; fileRef = 481589B81C7D8BD900C41B0D /* CoreLocation.framework */; };
		481A33861C7ED7E50074FD23 /* MainModel.swift in Sources */ = {isa = PBXBuildFile; fileRef = 481A33851C7ED7E50074FD23 /* MainModel.swift */; };
		481A33881C7EF2B30074FD23 /* SearchAddressViewController.swift in Sources */ = {isa = PBXBuildFile; fileRef = 481A33871C7EF2B30074FD23 /* SearchAddressViewController.swift */; };
		481A338A1C7F00920074FD23 /* Address.swift in Sources */ = {isa = PBXBuildFile; fileRef = 481A33891C7F00920074FD23 /* Address.swift */; };
		482162721C91372B008B571C /* CategoryViewController.swift in Sources */ = {isa = PBXBuildFile; fileRef = 482162711C91372B008B571C /* CategoryViewController.swift */; };
		482162741C91373B008B571C /* ProductViewController.swift in Sources */ = {isa = PBXBuildFile; fileRef = 482162731C91373B008B571C /* ProductViewController.swift */; };
		482162761C91375E008B571C /* ProductDetailViewController.swift in Sources */ = {isa = PBXBuildFile; fileRef = 482162751C91375E008B571C /* ProductDetailViewController.swift */; };
		482162781C913785008B571C /* ShoppingCartViewController.swift in Sources */ = {isa = PBXBuildFile; fileRef = 482162771C913785008B571C /* ShoppingCartViewController.swift */; };
		4821627B1C915106008B571C /* CustomTableViewCell.swift in Sources */ = {isa = PBXBuildFile; fileRef = 4821627A1C915106008B571C /* CustomTableViewCell.swift */; };
		482162A41C917721008B571C /* Category.swift in Sources */ = {isa = PBXBuildFile; fileRef = 482162A31C917721008B571C /* Category.swift */; };
		482162A61C917734008B571C /* Product.swift in Sources */ = {isa = PBXBuildFile; fileRef = 482162A51C917734008B571C /* Product.swift */; };
		482162A91C9177DB008B571C /* KFC.xcdatamodeld in Sources */ = {isa = PBXBuildFile; fileRef = 482162A71C9177DB008B571C /* KFC.xcdatamodeld */; };
		482162AB1C917EC8008B571C /* CategoryModel.swift in Sources */ = {isa = PBXBuildFile; fileRef = 482162AA1C917EC8008B571C /* CategoryModel.swift */; };
		482162AD1C917EDA008B571C /* ProductModel.swift in Sources */ = {isa = PBXBuildFile; fileRef = 482162AC1C917EDA008B571C /* ProductModel.swift */; };
		483AD8461C8EA01D00B6629C /* RegisterViewController.swift in Sources */ = {isa = PBXBuildFile; fileRef = 483AD8451C8EA01D00B6629C /* RegisterViewController.swift */; };
		483AD84A1C8EA21600B6629C /* ValidationViewController.swift in Sources */ = {isa = PBXBuildFile; fileRef = 483AD8491C8EA21600B6629C /* ValidationViewController.swift */; };
		48580F841C97F09C00A44166 /* Cart.swift in Sources */ = {isa = PBXBuildFile; fileRef = 48580F831C97F09C00A44166 /* Cart.swift */; };
		48580F861C97F0AE00A44166 /* CartItem.swift in Sources */ = {isa = PBXBuildFile; fileRef = 48580F851C97F0AE00A44166 /* CartItem.swift */; };
		48580F881C97F0CE00A44166 /* CartModifier.swift in Sources */ = {isa = PBXBuildFile; fileRef = 48580F871C97F0CE00A44166 /* CartModifier.swift */; };
		48580F8A1C97FB5D00A44166 /* CartModel.swift in Sources */ = {isa = PBXBuildFile; fileRef = 48580F891C97FB5D00A44166 /* CartModel.swift */; };
		48580F901C983F9400A44166 /* User.swift in Sources */ = {isa = PBXBuildFile; fileRef = 48580F8F1C983F9400A44166 /* User.swift */; };
		48580F921C98400400A44166 /* UserModel.swift in Sources */ = {isa = PBXBuildFile; fileRef = 48580F911C98400400A44166 /* UserModel.swift */; };
		487A4C4A1C9687D200B90EEE /* DrawerViewController.swift in Sources */ = {isa = PBXBuildFile; fileRef = 487A4C491C9687D200B90EEE /* DrawerViewController.swift */; };
		487A4C4C1C9688FF00B90EEE /* LeftViewController.swift in Sources */ = {isa = PBXBuildFile; fileRef = 487A4C4B1C9688FF00B90EEE /* LeftViewController.swift */; };
		487BDDDB1C93F07400FED8B5 /* Global.swift in Sources */ = {isa = PBXBuildFile; fileRef = 487BDDDA1C93F07400FED8B5 /* Global.swift */; };
		487BDDDE1C940D8900FED8B5 /* Modifier.swift in Sources */ = {isa = PBXBuildFile; fileRef = 487BDDDD1C940D8900FED8B5 /* Modifier.swift */; };
		487BDDE01C940D9900FED8B5 /* ModifierOption.swift in Sources */ = {isa = PBXBuildFile; fileRef = 487BDDDF1C940D9900FED8B5 /* ModifierOption.swift */; };
		487BDDE21C9411D900FED8B5 /* ModifierModel.swift in Sources */ = {isa = PBXBuildFile; fileRef = 487BDDE11C9411D900FED8B5 /* ModifierModel.swift */; };
		487BDDE41C9411E900FED8B5 /* ModifierOptionModel.swift in Sources */ = {isa = PBXBuildFile; fileRef = 487BDDE31C9411E900FED8B5 /* ModifierOptionModel.swift */; };
		487BDDE91C94486900FED8B5 /* ModifierTableViewCell.swift in Sources */ = {isa = PBXBuildFile; fileRef = 487BDDE81C94486900FED8B5 /* ModifierTableViewCell.swift */; };
		487BDDEB1C9448AA00FED8B5 /* ModifierDetailTableViewCell.swift in Sources */ = {isa = PBXBuildFile; fileRef = 487BDDEA1C9448AA00FED8B5 /* ModifierDetailTableViewCell.swift */; };
		48B397BC1C9B8FEE0016D01C /* OrderModel.swift in Sources */ = {isa = PBXBuildFile; fileRef = 48B397BB1C9B8FEE0016D01C /* OrderModel.swift */; };
		48BDE1381C7D9FC300D6619E /* Store.swift in Sources */ = {isa = PBXBuildFile; fileRef = 48BDE1371C7D9FC300D6619E /* Store.swift */; };
		48EB97C91CA808A000CB7870 /* Name.swift in Sources */ = {isa = PBXBuildFile; fileRef = 48EB97C81CA808A000CB7870 /* Name.swift */; };
		48ECEA411C8690C500CC33BE /* GoogleService-Info.plist in Resources */ = {isa = PBXBuildFile; fileRef = 48ECEA401C8690C500CC33BE /* GoogleService-Info.plist */; };
		48F04A481C9BD65500E82C18 /* CheckoutViewController.swift in Sources */ = {isa = PBXBuildFile; fileRef = 48F04A471C9BD65500E82C18 /* CheckoutViewController.swift */; };
		48F04A6E1CA008FF00E82C18 /* ProfileViewController.swift in Sources */ = {isa = PBXBuildFile; fileRef = 48F04A6D1CA008FF00E82C18 /* ProfileViewController.swift */; };
		48F04A771CA260AB00E82C18 /* ShoppingCartItemViewController.swift in Sources */ = {isa = PBXBuildFile; fileRef = 48F04A761CA260AB00E82C18 /* ShoppingCartItemViewController.swift */; };
		48F04A7B1CA3C63300E82C18 /* HelperModel.swift in Sources */ = {isa = PBXBuildFile; fileRef = 48F04A7A1CA3C63300E82C18 /* HelperModel.swift */; };
		48F785961C7C459F00D5D3E3 /* AppDelegate.swift in Sources */ = {isa = PBXBuildFile; fileRef = 48F785951C7C459F00D5D3E3 /* AppDelegate.swift */; };
		48F7859B1C7C459F00D5D3E3 /* Main.storyboard in Resources */ = {isa = PBXBuildFile; fileRef = 48F785991C7C459F00D5D3E3 /* Main.storyboard */; };
		48F7859D1C7C459F00D5D3E3 /* Assets.xcassets in Resources */ = {isa = PBXBuildFile; fileRef = 48F7859C1C7C459F00D5D3E3 /* Assets.xcassets */; };
		48F785A01C7C459F00D5D3E3 /* LaunchScreen.storyboard in Resources */ = {isa = PBXBuildFile; fileRef = 48F7859E1C7C459F00D5D3E3 /* LaunchScreen.storyboard */; };
		48FF088A1C92677600EE89E4 /* StoreModel.swift in Sources */ = {isa = PBXBuildFile; fileRef = 48FF08891C92677600EE89E4 /* StoreModel.swift */; };
/* End PBXBuildFile section */

/* Begin PBXFileReference section */
		4806EEF71C9A9D95003C08A5 /* PopoverViewController.swift */ = {isa = PBXFileReference; fileEncoding = 4; lastKnownFileType = sourcecode.swift; name = PopoverViewController.swift; path = ViewController/PopoverViewController.swift; sourceTree = "<group>"; };
		480B75A91C8EA4A700177712 /* CommonFunction.swift */ = {isa = PBXFileReference; fileEncoding = 4; lastKnownFileType = sourcecode.swift; name = CommonFunction.swift; path = Custom/CommonFunction.swift; sourceTree = "<group>"; };
		480B75AB1C8EA70E00177712 /* CustomView.swift */ = {isa = PBXFileReference; fileEncoding = 4; lastKnownFileType = sourcecode.swift; name = CustomView.swift; path = Custom/CustomView.swift; sourceTree = "<group>"; };
		481589AB1C7D47D400C41B0D /* LoginViewController.swift */ = {isa = PBXFileReference; fileEncoding = 4; lastKnownFileType = sourcecode.swift; name = LoginViewController.swift; path = ViewController/LoginViewController.swift; sourceTree = "<group>"; };
		481589AD1C7D481900C41B0D /* SplashViewController.swift */ = {isa = PBXFileReference; fileEncoding = 4; lastKnownFileType = sourcecode.swift; name = SplashViewController.swift; path = ViewController/SplashViewController.swift; sourceTree = "<group>"; };
		481589AF1C7D4F4600C41B0D /* LoginModel.swift */ = {isa = PBXFileReference; fileEncoding = 4; lastKnownFileType = sourcecode.swift; name = LoginModel.swift; path = Model/LoginModel.swift; sourceTree = "<group>"; };
		481589B61C7D826000C41B0D /* MainViewController.swift */ = {isa = PBXFileReference; fileEncoding = 4; lastKnownFileType = sourcecode.swift; name = MainViewController.swift; path = ViewController/MainViewController.swift; sourceTree = "<group>"; };
		481589B81C7D8BD900C41B0D /* CoreLocation.framework */ = {isa = PBXFileReference; lastKnownFileType = wrapper.framework; name = CoreLocation.framework; path = System/Library/Frameworks/CoreLocation.framework; sourceTree = SDKROOT; };
		481A33851C7ED7E50074FD23 /* MainModel.swift */ = {isa = PBXFileReference; fileEncoding = 4; lastKnownFileType = sourcecode.swift; name = MainModel.swift; path = Model/MainModel.swift; sourceTree = "<group>"; };
		481A33871C7EF2B30074FD23 /* SearchAddressViewController.swift */ = {isa = PBXFileReference; fileEncoding = 4; lastKnownFileType = sourcecode.swift; name = SearchAddressViewController.swift; path = ViewController/SearchAddressViewController.swift; sourceTree = "<group>"; };
		481A33891C7F00920074FD23 /* Address.swift */ = {isa = PBXFileReference; fileEncoding = 4; lastKnownFileType = sourcecode.swift; name = Address.swift; path = Object/Address.swift; sourceTree = "<group>"; };
		482162711C91372B008B571C /* CategoryViewController.swift */ = {isa = PBXFileReference; fileEncoding = 4; lastKnownFileType = sourcecode.swift; name = CategoryViewController.swift; path = ViewController/CategoryViewController.swift; sourceTree = "<group>"; };
		482162731C91373B008B571C /* ProductViewController.swift */ = {isa = PBXFileReference; fileEncoding = 4; lastKnownFileType = sourcecode.swift; name = ProductViewController.swift; path = ViewController/ProductViewController.swift; sourceTree = "<group>"; };
		482162751C91375E008B571C /* ProductDetailViewController.swift */ = {isa = PBXFileReference; fileEncoding = 4; lastKnownFileType = sourcecode.swift; name = ProductDetailViewController.swift; path = ViewController/ProductDetailViewController.swift; sourceTree = "<group>"; };
		482162771C913785008B571C /* ShoppingCartViewController.swift */ = {isa = PBXFileReference; fileEncoding = 4; lastKnownFileType = sourcecode.swift; name = ShoppingCartViewController.swift; path = ViewController/ShoppingCartViewController.swift; sourceTree = "<group>"; };
		4821627A1C915106008B571C /* CustomTableViewCell.swift */ = {isa = PBXFileReference; fileEncoding = 4; lastKnownFileType = sourcecode.swift; name = CustomTableViewCell.swift; path = ViewController/Component/CustomTableViewCell.swift; sourceTree = "<group>"; };
		482162A31C917721008B571C /* Category.swift */ = {isa = PBXFileReference; fileEncoding = 4; lastKnownFileType = sourcecode.swift; name = Category.swift; path = Object/Category.swift; sourceTree = "<group>"; };
		482162A51C917734008B571C /* Product.swift */ = {isa = PBXFileReference; fileEncoding = 4; lastKnownFileType = sourcecode.swift; name = Product.swift; path = Object/Product.swift; sourceTree = "<group>"; };
		482162A81C9177DB008B571C /* KFC.xcdatamodel */ = {isa = PBXFileReference; lastKnownFileType = wrapper.xcdatamodel; path = KFC.xcdatamodel; sourceTree = "<group>"; };
		482162AA1C917EC8008B571C /* CategoryModel.swift */ = {isa = PBXFileReference; fileEncoding = 4; lastKnownFileType = sourcecode.swift; name = CategoryModel.swift; path = Model/CategoryModel.swift; sourceTree = "<group>"; };
		482162AC1C917EDA008B571C /* ProductModel.swift */ = {isa = PBXFileReference; fileEncoding = 4; lastKnownFileType = sourcecode.swift; name = ProductModel.swift; path = Model/ProductModel.swift; sourceTree = "<group>"; };
		483AD8451C8EA01D00B6629C /* RegisterViewController.swift */ = {isa = PBXFileReference; fileEncoding = 4; lastKnownFileType = sourcecode.swift; name = RegisterViewController.swift; path = ViewController/RegisterViewController.swift; sourceTree = "<group>"; };
		483AD8491C8EA21600B6629C /* ValidationViewController.swift */ = {isa = PBXFileReference; fileEncoding = 4; lastKnownFileType = sourcecode.swift; name = ValidationViewController.swift; path = ViewController/ValidationViewController.swift; sourceTree = "<group>"; };
		48580F831C97F09C00A44166 /* Cart.swift */ = {isa = PBXFileReference; fileEncoding = 4; lastKnownFileType = sourcecode.swift; name = Cart.swift; path = Object/Cart.swift; sourceTree = "<group>"; };
		48580F851C97F0AE00A44166 /* CartItem.swift */ = {isa = PBXFileReference; fileEncoding = 4; lastKnownFileType = sourcecode.swift; name = CartItem.swift; path = Object/CartItem.swift; sourceTree = "<group>"; };
		48580F871C97F0CE00A44166 /* CartModifier.swift */ = {isa = PBXFileReference; fileEncoding = 4; lastKnownFileType = sourcecode.swift; name = CartModifier.swift; path = Object/CartModifier.swift; sourceTree = "<group>"; };
		48580F891C97FB5D00A44166 /* CartModel.swift */ = {isa = PBXFileReference; fileEncoding = 4; lastKnownFileType = sourcecode.swift; name = CartModel.swift; path = Model/CartModel.swift; sourceTree = "<group>"; };
		48580F8F1C983F9400A44166 /* User.swift */ = {isa = PBXFileReference; fileEncoding = 4; lastKnownFileType = sourcecode.swift; name = User.swift; path = Model/User.swift; sourceTree = "<group>"; };
		48580F911C98400400A44166 /* UserModel.swift */ = {isa = PBXFileReference; fileEncoding = 4; lastKnownFileType = sourcecode.swift; name = UserModel.swift; path = Model/UserModel.swift; sourceTree = "<group>"; };
		487A4C491C9687D200B90EEE /* DrawerViewController.swift */ = {isa = PBXFileReference; fileEncoding = 4; lastKnownFileType = sourcecode.swift; name = DrawerViewController.swift; path = ViewController/DrawerViewController.swift; sourceTree = "<group>"; };
		487A4C4B1C9688FF00B90EEE /* LeftViewController.swift */ = {isa = PBXFileReference; fileEncoding = 4; lastKnownFileType = sourcecode.swift; name = LeftViewController.swift; path = ViewController/LeftViewController.swift; sourceTree = "<group>"; };
		487BDDDA1C93F07400FED8B5 /* Global.swift */ = {isa = PBXFileReference; fileEncoding = 4; lastKnownFileType = sourcecode.swift; name = Global.swift; path = Custom/Global.swift; sourceTree = "<group>"; };
		487BDDDD1C940D8900FED8B5 /* Modifier.swift */ = {isa = PBXFileReference; fileEncoding = 4; lastKnownFileType = sourcecode.swift; name = Modifier.swift; path = Object/Modifier.swift; sourceTree = "<group>"; };
		487BDDDF1C940D9900FED8B5 /* ModifierOption.swift */ = {isa = PBXFileReference; fileEncoding = 4; lastKnownFileType = sourcecode.swift; name = ModifierOption.swift; path = Object/ModifierOption.swift; sourceTree = "<group>"; };
		487BDDE11C9411D900FED8B5 /* ModifierModel.swift */ = {isa = PBXFileReference; fileEncoding = 4; lastKnownFileType = sourcecode.swift; name = ModifierModel.swift; path = Model/ModifierModel.swift; sourceTree = "<group>"; };
		487BDDE31C9411E900FED8B5 /* ModifierOptionModel.swift */ = {isa = PBXFileReference; fileEncoding = 4; lastKnownFileType = sourcecode.swift; name = ModifierOptionModel.swift; path = Model/ModifierOptionModel.swift; sourceTree = "<group>"; };
		487BDDE81C94486900FED8B5 /* ModifierTableViewCell.swift */ = {isa = PBXFileReference; fileEncoding = 4; lastKnownFileType = sourcecode.swift; name = ModifierTableViewCell.swift; path = ViewController/ModifierTableViewCell.swift; sourceTree = "<group>"; };
		487BDDEA1C9448AA00FED8B5 /* ModifierDetailTableViewCell.swift */ = {isa = PBXFileReference; fileEncoding = 4; lastKnownFileType = sourcecode.swift; name = ModifierDetailTableViewCell.swift; path = ViewController/ModifierDetailTableViewCell.swift; sourceTree = "<group>"; };
		48B397BB1C9B8FEE0016D01C /* OrderModel.swift */ = {isa = PBXFileReference; fileEncoding = 4; lastKnownFileType = sourcecode.swift; name = OrderModel.swift; path = Model/OrderModel.swift; sourceTree = "<group>"; };
		48BDE1371C7D9FC300D6619E /* Store.swift */ = {isa = PBXFileReference; fileEncoding = 4; lastKnownFileType = sourcecode.swift; name = Store.swift; path = Object/Store.swift; sourceTree = "<group>"; };
		48EB97C81CA808A000CB7870 /* Name.swift */ = {isa = PBXFileReference; fileEncoding = 4; lastKnownFileType = sourcecode.swift; name = Name.swift; path = Object/Name.swift; sourceTree = "<group>"; };
		48ECEA401C8690C500CC33BE /* GoogleService-Info.plist */ = {isa = PBXFileReference; fileEncoding = 4; lastKnownFileType = text.plist.xml; path = "GoogleService-Info.plist"; sourceTree = "<group>"; };
		48F04A471C9BD65500E82C18 /* CheckoutViewController.swift */ = {isa = PBXFileReference; fileEncoding = 4; lastKnownFileType = sourcecode.swift; name = CheckoutViewController.swift; path = ViewController/CheckoutViewController.swift; sourceTree = "<group>"; };
		48F04A6D1CA008FF00E82C18 /* ProfileViewController.swift */ = {isa = PBXFileReference; fileEncoding = 4; lastKnownFileType = sourcecode.swift; name = ProfileViewController.swift; path = ViewController/ProfileViewController.swift; sourceTree = "<group>"; };
		48F04A761CA260AB00E82C18 /* ShoppingCartItemViewController.swift */ = {isa = PBXFileReference; fileEncoding = 4; lastKnownFileType = sourcecode.swift; name = ShoppingCartItemViewController.swift; path = ViewController/ShoppingCartItemViewController.swift; sourceTree = "<group>"; };
		48F04A7A1CA3C63300E82C18 /* HelperModel.swift */ = {isa = PBXFileReference; fileEncoding = 4; lastKnownFileType = sourcecode.swift; name = HelperModel.swift; path = Model/HelperModel.swift; sourceTree = "<group>"; };
		48F570561C7F1DEB00DC2C2A /* KFC-Bridging-Header.h */ = {isa = PBXFileReference; lastKnownFileType = sourcecode.c.h; path = "KFC-Bridging-Header.h"; sourceTree = "<group>"; };
		48F785921C7C459F00D5D3E3 /* KFC.app */ = {isa = PBXFileReference; explicitFileType = wrapper.application; includeInIndex = 0; path = KFC.app; sourceTree = BUILT_PRODUCTS_DIR; };
		48F785951C7C459F00D5D3E3 /* AppDelegate.swift */ = {isa = PBXFileReference; lastKnownFileType = sourcecode.swift; path = AppDelegate.swift; sourceTree = "<group>"; };
		48F7859A1C7C459F00D5D3E3 /* Base */ = {isa = PBXFileReference; lastKnownFileType = file.storyboard; name = Base; path = Base.lproj/Main.storyboard; sourceTree = "<group>"; };
		48F7859C1C7C459F00D5D3E3 /* Assets.xcassets */ = {isa = PBXFileReference; lastKnownFileType = folder.assetcatalog; path = Assets.xcassets; sourceTree = "<group>"; };
		48F7859F1C7C459F00D5D3E3 /* Base */ = {isa = PBXFileReference; lastKnownFileType = file.storyboard; name = Base; path = Base.lproj/LaunchScreen.storyboard; sourceTree = "<group>"; };
		48F785A11C7C459F00D5D3E3 /* Info.plist */ = {isa = PBXFileReference; lastKnownFileType = text.plist.xml; path = Info.plist; sourceTree = "<group>"; };
		48FF08891C92677600EE89E4 /* StoreModel.swift */ = {isa = PBXFileReference; fileEncoding = 4; lastKnownFileType = sourcecode.swift; name = StoreModel.swift; path = Model/StoreModel.swift; sourceTree = "<group>"; };
		5FE55E9AFDDB67CCE5715E72 /* Pods-KFC.release.xcconfig */ = {isa = PBXFileReference; includeInIndex = 1; lastKnownFileType = text.xcconfig; name = "Pods-KFC.release.xcconfig"; path = "Pods/Target Support Files/Pods-KFC/Pods-KFC.release.xcconfig"; sourceTree = "<group>"; };
		7D75EA3A83EE73FEDA917AAD /* Pods_KFC.framework */ = {isa = PBXFileReference; explicitFileType = wrapper.framework; includeInIndex = 0; path = Pods_KFC.framework; sourceTree = BUILT_PRODUCTS_DIR; };
		BA8A2E18D2FAD783C6C0285D /* Pods-KFC.debug.xcconfig */ = {isa = PBXFileReference; includeInIndex = 1; lastKnownFileType = text.xcconfig; name = "Pods-KFC.debug.xcconfig"; path = "Pods/Target Support Files/Pods-KFC/Pods-KFC.debug.xcconfig"; sourceTree = "<group>"; };
/* End PBXFileReference section */

/* Begin PBXFrameworksBuildPhase section */
		48F7858F1C7C459F00D5D3E3 /* Frameworks */ = {
			isa = PBXFrameworksBuildPhase;
			buildActionMask = 2147483647;
			files = (
				481589B91C7D8BD900C41B0D /* CoreLocation.framework in Frameworks */,
				2A57C416F428E182D7B0FED7 /* Pods_KFC.framework in Frameworks */,
			);
			runOnlyForDeploymentPostprocessing = 0;
		};
/* End PBXFrameworksBuildPhase section */

/* Begin PBXGroup section */
		480B75A81C8EA48800177712 /* Custom */ = {
			isa = PBXGroup;
			children = (
				480B75A91C8EA4A700177712 /* CommonFunction.swift */,
				480B75AB1C8EA70E00177712 /* CustomView.swift */,
				487BDDDA1C93F07400FED8B5 /* Global.swift */,
			);
			name = Custom;
			sourceTree = "<group>";
		};
		481589A81C7D46C900C41B0D /* Storyboard */ = {
			isa = PBXGroup;
			children = (
				48F785991C7C459F00D5D3E3 /* Main.storyboard */,
				48F7859E1C7C459F00D5D3E3 /* LaunchScreen.storyboard */,
			);
			name = Storyboard;
			sourceTree = "<group>";
		};
		481589A91C7D46D800C41B0D /* ViewController */ = {
			isa = PBXGroup;
			children = (
				482162791C915002008B571C /* Component */,
				487A4C4E1C96A7B200B90EEE /* Outside */,
				487A4C4F1C96A7DA00B90EEE /* Drawer */,
				48F04A6C1CA0089B00E82C18 /* Profile */,
				487A4C501C96A80700B90EEE /* Main */,
				48F04A751CA23E0300E82C18 /* Category Menu */,
				48F04A781CA2732100E82C18 /* Product */,
				48F04A791CA2732A00E82C18 /* Modifier */,
				487A4C511C96A82100B90EEE /* History */,
				487A4C521C96A84200B90EEE /* Shopping Cart */,
			);
			name = ViewController;
			sourceTree = "<group>";
		};
		481589AA1C7D46EB00C41B0D /* Model */ = {
			isa = PBXGroup;
			children = (
				48FF088C1C927E5200EE89E4 /* CoreData */,
				48FF088B1C927E4D00EE89E4 /* API */,
			);
			name = Model;
			sourceTree = "<group>";
		};
		482162791C915002008B571C /* Component */ = {
			isa = PBXGroup;
			children = (
				4821627A1C915106008B571C /* CustomTableViewCell.swift */,
			);
			name = Component;
			sourceTree = "<group>";
		};
		487A4C4E1C96A7B200B90EEE /* Outside */ = {
			isa = PBXGroup;
			children = (
				481589AD1C7D481900C41B0D /* SplashViewController.swift */,
				481589AB1C7D47D400C41B0D /* LoginViewController.swift */,
				483AD8451C8EA01D00B6629C /* RegisterViewController.swift */,
				4806EEF71C9A9D95003C08A5 /* PopoverViewController.swift */,
				483AD8491C8EA21600B6629C /* ValidationViewController.swift */,
			);
			name = Outside;
			sourceTree = "<group>";
		};
		487A4C4F1C96A7DA00B90EEE /* Drawer */ = {
			isa = PBXGroup;
			children = (
				487A4C491C9687D200B90EEE /* DrawerViewController.swift */,
				487A4C4B1C9688FF00B90EEE /* LeftViewController.swift */,
			);
			name = Drawer;
			sourceTree = "<group>";
		};
		487A4C501C96A80700B90EEE /* Main */ = {
			isa = PBXGroup;
			children = (
				481589B61C7D826000C41B0D /* MainViewController.swift */,
				481A33871C7EF2B30074FD23 /* SearchAddressViewController.swift */,
			);
			name = Main;
			sourceTree = "<group>";
		};
		487A4C511C96A82100B90EEE /* History */ = {
			isa = PBXGroup;
			children = (
			);
			name = History;
			sourceTree = "<group>";
		};
		487A4C521C96A84200B90EEE /* Shopping Cart */ = {
			isa = PBXGroup;
			children = (
				482162771C913785008B571C /* ShoppingCartViewController.swift */,
				48F04A761CA260AB00E82C18 /* ShoppingCartItemViewController.swift */,
				48F04A471C9BD65500E82C18 /* CheckoutViewController.swift */,
			);
			name = "Shopping Cart";
			sourceTree = "<group>";
		};
		48BDE1361C7D9F9800D6619E /* Object */ = {
			isa = PBXGroup;
			children = (
				48BDE1371C7D9FC300D6619E /* Store.swift */,
				481A33891C7F00920074FD23 /* Address.swift */,
				482162A31C917721008B571C /* Category.swift */,
				482162A51C917734008B571C /* Product.swift */,
				487BDDDD1C940D8900FED8B5 /* Modifier.swift */,
				487BDDDF1C940D9900FED8B5 /* ModifierOption.swift */,
				48580F831C97F09C00A44166 /* Cart.swift */,
				48580F851C97F0AE00A44166 /* CartItem.swift */,
				48580F871C97F0CE00A44166 /* CartModifier.swift */,
				48580F8F1C983F9400A44166 /* User.swift */,
				48EB97C81CA808A000CB7870 /* Name.swift */,
			);
			name = Object;
			sourceTree = "<group>";
		};
		48F04A6C1CA0089B00E82C18 /* Profile */ = {
			isa = PBXGroup;
			children = (
				48F04A6D1CA008FF00E82C18 /* ProfileViewController.swift */,
			);
			name = Profile;
			sourceTree = "<group>";
		};
		48F04A751CA23E0300E82C18 /* Category Menu */ = {
			isa = PBXGroup;
			children = (
				482162711C91372B008B571C /* CategoryViewController.swift */,
			);
			name = "Category Menu";
			sourceTree = "<group>";
		};
		48F04A781CA2732100E82C18 /* Product */ = {
			isa = PBXGroup;
			children = (
				482162731C91373B008B571C /* ProductViewController.swift */,
				482162751C91375E008B571C /* ProductDetailViewController.swift */,
			);
			name = Product;
			sourceTree = "<group>";
		};
		48F04A791CA2732A00E82C18 /* Modifier */ = {
			isa = PBXGroup;
			children = (
				487BDDE81C94486900FED8B5 /* ModifierTableViewCell.swift */,
				487BDDEA1C9448AA00FED8B5 /* ModifierDetailTableViewCell.swift */,
			);
			name = Modifier;
			sourceTree = "<group>";
		};
		48F785891C7C459F00D5D3E3 = {
			isa = PBXGroup;
			children = (
				48F785941C7C459F00D5D3E3 /* KFC */,
				48F785931C7C459F00D5D3E3 /* Products */,
				7FF1BA89473AC5E44D289ADC /* Pods */,
				BC22EB27D63561CE6FEAC4B8 /* Frameworks */,
			);
			sourceTree = "<group>";
		};
		48F785931C7C459F00D5D3E3 /* Products */ = {
			isa = PBXGroup;
			children = (
				48F785921C7C459F00D5D3E3 /* KFC.app */,
			);
			name = Products;
			sourceTree = "<group>";
		};
		48F785941C7C459F00D5D3E3 /* KFC */ = {
			isa = PBXGroup;
			children = (
				480B75A81C8EA48800177712 /* Custom */,
				48BDE1361C7D9F9800D6619E /* Object */,
				481589AA1C7D46EB00C41B0D /* Model */,
				481589A91C7D46D800C41B0D /* ViewController */,
				481589A81C7D46C900C41B0D /* Storyboard */,
				48F785951C7C459F00D5D3E3 /* AppDelegate.swift */,
				48F7859C1C7C459F00D5D3E3 /* Assets.xcassets */,
				48F785A11C7C459F00D5D3E3 /* Info.plist */,
				48ECEA401C8690C500CC33BE /* GoogleService-Info.plist */,
				48F570561C7F1DEB00DC2C2A /* KFC-Bridging-Header.h */,
				482162A71C9177DB008B571C /* KFC.xcdatamodeld */,
			);
			path = KFC;
			sourceTree = "<group>";
		};
		48FF088B1C927E4D00EE89E4 /* API */ = {
			isa = PBXGroup;
			children = (
				481589AF1C7D4F4600C41B0D /* LoginModel.swift */,
				481A33851C7ED7E50074FD23 /* MainModel.swift */,
				48B397BB1C9B8FEE0016D01C /* OrderModel.swift */,
				48F04A7A1CA3C63300E82C18 /* HelperModel.swift */,
			);
			name = API;
			sourceTree = "<group>";
		};
		48FF088C1C927E5200EE89E4 /* CoreData */ = {
			isa = PBXGroup;
			children = (
				482162AA1C917EC8008B571C /* CategoryModel.swift */,
				482162AC1C917EDA008B571C /* ProductModel.swift */,
				48FF08891C92677600EE89E4 /* StoreModel.swift */,
				487BDDE11C9411D900FED8B5 /* ModifierModel.swift */,
				487BDDE31C9411E900FED8B5 /* ModifierOptionModel.swift */,
				48580F891C97FB5D00A44166 /* CartModel.swift */,
				48580F911C98400400A44166 /* UserModel.swift */,
			);
			name = CoreData;
			sourceTree = "<group>";
		};
		7FF1BA89473AC5E44D289ADC /* Pods */ = {
			isa = PBXGroup;
			children = (
				BA8A2E18D2FAD783C6C0285D /* Pods-KFC.debug.xcconfig */,
				5FE55E9AFDDB67CCE5715E72 /* Pods-KFC.release.xcconfig */,
			);
			name = Pods;
			sourceTree = "<group>";
		};
		BC22EB27D63561CE6FEAC4B8 /* Frameworks */ = {
			isa = PBXGroup;
			children = (
				481589B81C7D8BD900C41B0D /* CoreLocation.framework */,
				7D75EA3A83EE73FEDA917AAD /* Pods_KFC.framework */,
			);
			name = Frameworks;
			sourceTree = "<group>";
		};
/* End PBXGroup section */

/* Begin PBXNativeTarget section */
		48F785911C7C459F00D5D3E3 /* KFC */ = {
			isa = PBXNativeTarget;
			buildConfigurationList = 48F785A41C7C459F00D5D3E3 /* Build configuration list for PBXNativeTarget "KFC" */;
			buildPhases = (
				110F31A232B431A0D1EBC524 /* Check Pods Manifest.lock */,
				48F7858E1C7C459F00D5D3E3 /* Sources */,
				48F7858F1C7C459F00D5D3E3 /* Frameworks */,
				48F785901C7C459F00D5D3E3 /* Resources */,
				B3A1CAF815A5A8DDCB520E26 /* Embed Pods Frameworks */,
				BFE114284769BCDBE41728F3 /* Copy Pods Resources */,
				48E6E5521C88379A00E49203 /* ShellScript */,
			);
			buildRules = (
			);
			dependencies = (
			);
			name = KFC;
			productName = KFC;
			productReference = 48F785921C7C459F00D5D3E3 /* KFC.app */;
			productType = "com.apple.product-type.application";
		};
/* End PBXNativeTarget section */

/* Begin PBXProject section */
		48F7858A1C7C459F00D5D3E3 /* Project object */ = {
			isa = PBXProject;
			attributes = {
				LastSwiftUpdateCheck = 0720;
				LastUpgradeCheck = 0720;
				ORGANIZATIONNAME = Roodie;
				TargetAttributes = {
					48F785911C7C459F00D5D3E3 = {
						CreatedOnToolsVersion = 7.2.1;
						DevelopmentTeam = AZM6JUG4VS;
						SystemCapabilities = {
							com.apple.Push = {
								enabled = 0;
							};
						};
					};
				};
			};
			buildConfigurationList = 48F7858D1C7C459F00D5D3E3 /* Build configuration list for PBXProject "KFC" */;
			compatibilityVersion = "Xcode 3.2";
			developmentRegion = English;
			hasScannedForEncodings = 0;
			knownRegions = (
				en,
				Base,
			);
			mainGroup = 48F785891C7C459F00D5D3E3;
			productRefGroup = 48F785931C7C459F00D5D3E3 /* Products */;
			projectDirPath = "";
			projectRoot = "";
			targets = (
				48F785911C7C459F00D5D3E3 /* KFC */,
			);
		};
/* End PBXProject section */

/* Begin PBXResourcesBuildPhase section */
		48F785901C7C459F00D5D3E3 /* Resources */ = {
			isa = PBXResourcesBuildPhase;
			buildActionMask = 2147483647;
			files = (
				48F785A01C7C459F00D5D3E3 /* LaunchScreen.storyboard in Resources */,
				48ECEA411C8690C500CC33BE /* GoogleService-Info.plist in Resources */,
				48F7859D1C7C459F00D5D3E3 /* Assets.xcassets in Resources */,
				48F7859B1C7C459F00D5D3E3 /* Main.storyboard in Resources */,
			);
			runOnlyForDeploymentPostprocessing = 0;
		};
/* End PBXResourcesBuildPhase section */

/* Begin PBXShellScriptBuildPhase section */
		110F31A232B431A0D1EBC524 /* Check Pods Manifest.lock */ = {
			isa = PBXShellScriptBuildPhase;
			buildActionMask = 2147483647;
			files = (
			);
			inputPaths = (
			);
			name = "Check Pods Manifest.lock";
			outputPaths = (
			);
			runOnlyForDeploymentPostprocessing = 0;
			shellPath = /bin/sh;
			shellScript = "diff \"${PODS_ROOT}/../Podfile.lock\" \"${PODS_ROOT}/Manifest.lock\" > /dev/null\nif [[ $? != 0 ]] ; then\n    cat << EOM\nerror: The sandbox is not in sync with the Podfile.lock. Run 'pod install' or update your CocoaPods installation.\nEOM\n    exit 1\nfi\n";
			showEnvVarsInLog = 0;
		};
		48E6E5521C88379A00E49203 /* ShellScript */ = {
			isa = PBXShellScriptBuildPhase;
			buildActionMask = 2147483647;
			files = (
			);
			inputPaths = (
			);
			outputPaths = (
			);
			runOnlyForDeploymentPostprocessing = 0;
			shellPath = /bin/sh;
			shellScript = "\"${PODS_ROOT}/Fabric/run\" a21c4b52818ccb56852c67993ca26da644e0d868 a8e1943de8699597fe59de38b5936f0d5ea2ce5ce34ed03ecc56c349c4a73205";
		};
		B3A1CAF815A5A8DDCB520E26 /* Embed Pods Frameworks */ = {
			isa = PBXShellScriptBuildPhase;
			buildActionMask = 2147483647;
			files = (
			);
			inputPaths = (
			);
			name = "Embed Pods Frameworks";
			outputPaths = (
			);
			runOnlyForDeploymentPostprocessing = 0;
			shellPath = /bin/sh;
			shellScript = "\"${SRCROOT}/Pods/Target Support Files/Pods-KFC/Pods-KFC-frameworks.sh\"\n";
			showEnvVarsInLog = 0;
		};
		BFE114284769BCDBE41728F3 /* Copy Pods Resources */ = {
			isa = PBXShellScriptBuildPhase;
			buildActionMask = 2147483647;
			files = (
			);
			inputPaths = (
			);
			name = "Copy Pods Resources";
			outputPaths = (
			);
			runOnlyForDeploymentPostprocessing = 0;
			shellPath = /bin/sh;
			shellScript = "\"${SRCROOT}/Pods/Target Support Files/Pods-KFC/Pods-KFC-resources.sh\"\n";
			showEnvVarsInLog = 0;
		};
/* End PBXShellScriptBuildPhase section */

/* Begin PBXSourcesBuildPhase section */
		48F7858E1C7C459F00D5D3E3 /* Sources */ = {
			isa = PBXSourcesBuildPhase;
			buildActionMask = 2147483647;
			files = (
				481A338A1C7F00920074FD23 /* Address.swift in Sources */,
				482162A91C9177DB008B571C /* KFC.xcdatamodeld in Sources */,
				483AD8461C8EA01D00B6629C /* RegisterViewController.swift in Sources */,
				48F04A771CA260AB00E82C18 /* ShoppingCartItemViewController.swift in Sources */,
				487BDDE41C9411E900FED8B5 /* ModifierOptionModel.swift in Sources */,
				482162781C913785008B571C /* ShoppingCartViewController.swift in Sources */,
				48FF088A1C92677600EE89E4 /* StoreModel.swift in Sources */,
				48580F921C98400400A44166 /* UserModel.swift in Sources */,
				481589AC1C7D47D400C41B0D /* LoginViewController.swift in Sources */,
				481589B01C7D4F4600C41B0D /* LoginModel.swift in Sources */,
				48EB97C91CA808A000CB7870 /* Name.swift in Sources */,
				487BDDE91C94486900FED8B5 /* ModifierTableViewCell.swift in Sources */,
				482162AB1C917EC8008B571C /* CategoryModel.swift in Sources */,
				487BDDDE1C940D8900FED8B5 /* Modifier.swift in Sources */,
				487BDDEB1C9448AA00FED8B5 /* ModifierDetailTableViewCell.swift in Sources */,
				482162AD1C917EDA008B571C /* ProductModel.swift in Sources */,
				48580F861C97F0AE00A44166 /* CartItem.swift in Sources */,
				487BDDE21C9411D900FED8B5 /* ModifierModel.swift in Sources */,
				48580F8A1C97FB5D00A44166 /* CartModel.swift in Sources */,
				482162A61C917734008B571C /* Product.swift in Sources */,
				4821627B1C915106008B571C /* CustomTableViewCell.swift in Sources */,
				48F785961C7C459F00D5D3E3 /* AppDelegate.swift in Sources */,
				48580F881C97F0CE00A44166 /* CartModifier.swift in Sources */,
				481A33861C7ED7E50074FD23 /* MainModel.swift in Sources */,
				482162741C91373B008B571C /* ProductViewController.swift in Sources */,
				480B75AC1C8EA70E00177712 /* CustomView.swift in Sources */,
				48BDE1381C7D9FC300D6619E /* Store.swift in Sources */,
				482162761C91375E008B571C /* ProductDetailViewController.swift in Sources */,
				487BDDDB1C93F07400FED8B5 /* Global.swift in Sources */,
				48580F901C983F9400A44166 /* User.swift in Sources */,
				4806EEF81C9A9D95003C08A5 /* PopoverViewController.swift in Sources */,
				48B397BC1C9B8FEE0016D01C /* OrderModel.swift in Sources */,
				487BDDE01C940D9900FED8B5 /* ModifierOption.swift in Sources */,
				481A33881C7EF2B30074FD23 /* SearchAddressViewController.swift in Sources */,
				48F04A7B1CA3C63300E82C18 /* HelperModel.swift in Sources */,
				487A4C4A1C9687D200B90EEE /* DrawerViewController.swift in Sources */,
				482162721C91372B008B571C /* CategoryViewController.swift in Sources */,
				48F04A481C9BD65500E82C18 /* CheckoutViewController.swift in Sources */,
				487A4C4C1C9688FF00B90EEE /* LeftViewController.swift in Sources */,
				483AD84A1C8EA21600B6629C /* ValidationViewController.swift in Sources */,
				48580F841C97F09C00A44166 /* Cart.swift in Sources */,
				481589AE1C7D481900C41B0D /* SplashViewController.swift in Sources */,
				480B75AA1C8EA4A700177712 /* CommonFunction.swift in Sources */,
				48F04A6E1CA008FF00E82C18 /* ProfileViewController.swift in Sources */,
				481589B71C7D826000C41B0D /* MainViewController.swift in Sources */,
				482162A41C917721008B571C /* Category.swift in Sources */,
			);
			runOnlyForDeploymentPostprocessing = 0;
		};
/* End PBXSourcesBuildPhase section */

/* Begin PBXVariantGroup section */
		48F785991C7C459F00D5D3E3 /* Main.storyboard */ = {
			isa = PBXVariantGroup;
			children = (
				48F7859A1C7C459F00D5D3E3 /* Base */,
			);
			name = Main.storyboard;
			sourceTree = "<group>";
		};
		48F7859E1C7C459F00D5D3E3 /* LaunchScreen.storyboard */ = {
			isa = PBXVariantGroup;
			children = (
				48F7859F1C7C459F00D5D3E3 /* Base */,
			);
			name = LaunchScreen.storyboard;
			sourceTree = "<group>";
		};
/* End PBXVariantGroup section */

/* Begin XCBuildConfiguration section */
		48F785A21C7C459F00D5D3E3 /* Debug */ = {
			isa = XCBuildConfiguration;
			buildSettings = {
				ALWAYS_SEARCH_USER_PATHS = NO;
				CLANG_CXX_LANGUAGE_STANDARD = "gnu++0x";
				CLANG_CXX_LIBRARY = "libc++";
				CLANG_ENABLE_MODULES = YES;
				CLANG_ENABLE_OBJC_ARC = YES;
				CLANG_WARN_BOOL_CONVERSION = YES;
				CLANG_WARN_CONSTANT_CONVERSION = YES;
				CLANG_WARN_DIRECT_OBJC_ISA_USAGE = YES_ERROR;
				CLANG_WARN_EMPTY_BODY = YES;
				CLANG_WARN_ENUM_CONVERSION = YES;
				CLANG_WARN_INT_CONVERSION = YES;
				CLANG_WARN_OBJC_ROOT_CLASS = YES_ERROR;
				CLANG_WARN_UNREACHABLE_CODE = YES;
				CLANG_WARN__DUPLICATE_METHOD_MATCH = YES;
				"CODE_SIGN_IDENTITY[sdk=iphoneos*]" = "iPhone Developer";
				COPY_PHASE_STRIP = NO;
				DEBUG_INFORMATION_FORMAT = dwarf;
				ENABLE_STRICT_OBJC_MSGSEND = YES;
				ENABLE_TESTABILITY = YES;
				GCC_C_LANGUAGE_STANDARD = gnu99;
				GCC_DYNAMIC_NO_PIC = NO;
				GCC_NO_COMMON_BLOCKS = YES;
				GCC_OPTIMIZATION_LEVEL = 0;
				GCC_PREPROCESSOR_DEFINITIONS = (
					"DEBUG=1",
					"$(inherited)",
				);
				GCC_WARN_64_TO_32_BIT_CONVERSION = YES;
				GCC_WARN_ABOUT_RETURN_TYPE = YES_ERROR;
				GCC_WARN_UNDECLARED_SELECTOR = YES;
				GCC_WARN_UNINITIALIZED_AUTOS = YES_AGGRESSIVE;
				GCC_WARN_UNUSED_FUNCTION = YES;
				GCC_WARN_UNUSED_VARIABLE = YES;
				IPHONEOS_DEPLOYMENT_TARGET = 9.2;
				MTL_ENABLE_DEBUG_INFO = YES;
				ONLY_ACTIVE_ARCH = YES;
				SDKROOT = iphoneos;
				SWIFT_OPTIMIZATION_LEVEL = "-Onone";
			};
			name = Debug;
		};
		48F785A31C7C459F00D5D3E3 /* Release */ = {
			isa = XCBuildConfiguration;
			buildSettings = {
				ALWAYS_SEARCH_USER_PATHS = NO;
				CLANG_CXX_LANGUAGE_STANDARD = "gnu++0x";
				CLANG_CXX_LIBRARY = "libc++";
				CLANG_ENABLE_MODULES = YES;
				CLANG_ENABLE_OBJC_ARC = YES;
				CLANG_WARN_BOOL_CONVERSION = YES;
				CLANG_WARN_CONSTANT_CONVERSION = YES;
				CLANG_WARN_DIRECT_OBJC_ISA_USAGE = YES_ERROR;
				CLANG_WARN_EMPTY_BODY = YES;
				CLANG_WARN_ENUM_CONVERSION = YES;
				CLANG_WARN_INT_CONVERSION = YES;
				CLANG_WARN_OBJC_ROOT_CLASS = YES_ERROR;
				CLANG_WARN_UNREACHABLE_CODE = YES;
				CLANG_WARN__DUPLICATE_METHOD_MATCH = YES;
				"CODE_SIGN_IDENTITY[sdk=iphoneos*]" = "iPhone Developer";
				COPY_PHASE_STRIP = NO;
				DEBUG_INFORMATION_FORMAT = "dwarf-with-dsym";
				ENABLE_NS_ASSERTIONS = NO;
				ENABLE_STRICT_OBJC_MSGSEND = YES;
				GCC_C_LANGUAGE_STANDARD = gnu99;
				GCC_NO_COMMON_BLOCKS = YES;
				GCC_WARN_64_TO_32_BIT_CONVERSION = YES;
				GCC_WARN_ABOUT_RETURN_TYPE = YES_ERROR;
				GCC_WARN_UNDECLARED_SELECTOR = YES;
				GCC_WARN_UNINITIALIZED_AUTOS = YES_AGGRESSIVE;
				GCC_WARN_UNUSED_FUNCTION = YES;
				GCC_WARN_UNUSED_VARIABLE = YES;
				IPHONEOS_DEPLOYMENT_TARGET = 9.2;
				MTL_ENABLE_DEBUG_INFO = NO;
				SDKROOT = iphoneos;
				VALIDATE_PRODUCT = YES;
			};
			name = Release;
		};
		48F785A51C7C459F00D5D3E3 /* Debug */ = {
			isa = XCBuildConfiguration;
			baseConfigurationReference = BA8A2E18D2FAD783C6C0285D /* Pods-KFC.debug.xcconfig */;
			buildSettings = {
				ASSETCATALOG_COMPILER_APPICON_NAME = AppIcon;
				CLANG_ENABLE_MODULES = YES;
				CODE_SIGN_IDENTITY = "iPhone Distribution: Fast Food Indonesia, PT TBK (AZM6JUG4VS)";
				"CODE_SIGN_IDENTITY[sdk=iphoneos*]" = "iPhone Distribution: Fast Food Indonesia, PT TBK (AZM6JUG4VS)";
				ENABLE_BITCODE = NO;
				INFOPLIST_FILE = KFC/Info.plist;
				IPHONEOS_DEPLOYMENT_TARGET = 8.0;
				LD_RUNPATH_SEARCH_PATHS = "$(inherited) @executable_path/Frameworks";
				PRODUCT_BUNDLE_IDENTIFIER = com.kfc.indonesia;
				PRODUCT_NAME = "$(TARGET_NAME)";
				PROVISIONING_PROFILE = "b23089a9-0eef-445f-bcdb-b0852bbeb864";
				SWIFT_OBJC_BRIDGING_HEADER = "KFC/KFC-Bridging-Header.h";
				SWIFT_OPTIMIZATION_LEVEL = "-Onone";
			};
			name = Debug;
		};
		48F785A61C7C459F00D5D3E3 /* Release */ = {
			isa = XCBuildConfiguration;
			baseConfigurationReference = 5FE55E9AFDDB67CCE5715E72 /* Pods-KFC.release.xcconfig */;
			buildSettings = {
				ASSETCATALOG_COMPILER_APPICON_NAME = AppIcon;
				CLANG_ENABLE_MODULES = YES;
				CODE_SIGN_IDENTITY = "iPhone Distribution: Fast Food Indonesia, PT TBK (AZM6JUG4VS)";
				"CODE_SIGN_IDENTITY[sdk=iphoneos*]" = "iPhone Distribution: Fast Food Indonesia, PT TBK (AZM6JUG4VS)";
				ENABLE_BITCODE = NO;
				INFOPLIST_FILE = KFC/Info.plist;
				IPHONEOS_DEPLOYMENT_TARGET = 8.0;
				LD_RUNPATH_SEARCH_PATHS = "$(inherited) @executable_path/Frameworks";
				PRODUCT_BUNDLE_IDENTIFIER = com.kfc.indonesia;
				PRODUCT_NAME = "$(TARGET_NAME)";
				PROVISIONING_PROFILE = "b23089a9-0eef-445f-bcdb-b0852bbeb864";
				SWIFT_OBJC_BRIDGING_HEADER = "KFC/KFC-Bridging-Header.h";
			};
			name = Release;
		};
/* End XCBuildConfiguration section */

/* Begin XCConfigurationList section */
		48F7858D1C7C459F00D5D3E3 /* Build configuration list for PBXProject "KFC" */ = {
			isa = XCConfigurationList;
			buildConfigurations = (
				48F785A21C7C459F00D5D3E3 /* Debug */,
				48F785A31C7C459F00D5D3E3 /* Release */,
			);
			defaultConfigurationIsVisible = 0;
			defaultConfigurationName = Release;
		};
		48F785A41C7C459F00D5D3E3 /* Build configuration list for PBXNativeTarget "KFC" */ = {
			isa = XCConfigurationList;
			buildConfigurations = (
				48F785A51C7C459F00D5D3E3 /* Debug */,
				48F785A61C7C459F00D5D3E3 /* Release */,
			);
			defaultConfigurationIsVisible = 0;
			defaultConfigurationName = Release;
		};
/* End XCConfigurationList section */

/* Begin XCVersionGroup section */
		482162A71C9177DB008B571C /* KFC.xcdatamodeld */ = {
			isa = XCVersionGroup;
			children = (
				482162A81C9177DB008B571C /* KFC.xcdatamodel */,
			);
			currentVersion = 482162A81C9177DB008B571C /* KFC.xcdatamodel */;
			path = KFC.xcdatamodeld;
			sourceTree = "<group>";
			versionGroupType = wrapper.xcdatamodel;
		};
/* End XCVersionGroup section */
	};
	rootObject = 48F7858A1C7C459F00D5D3E3 /* Project object */;
}
